
Microsoft Visual Studio Solution File, Format Version 12.00
# Visual Studio 15
VisualStudioVersion = 15.0.27130.2020
MinimumVisualStudioVersion = 10.0.40219.1
Project("{9A19103F-16F7-4668-BE54-9A1E7A4F7556}") = "EfCoreConsoleDemo", "EfCoreConsoleDemo\EfCoreConsoleDemo.csproj", "{B2DF9840-45D7-420B-93D1-1E859C7556B0}"
EndProject
Project("{FAE04EC0-301F-11D3-BF4B-00C04F79EFBC}") = "BlogLib", "BlogLib\BlogLib.csproj", "{F548F9BF-5293-4ADE-B632-1A547C001414}"
EndProject
Project("{FAE04EC0-301F-11D3-BF4B-00C04F79EFBC}") = "BlogTestEf", "BlogTestEf\BlogTestEf.csproj", "{67736D3B-A0A5-4B9A-A0D1-ED91A2B86CC4}"
EndProject
Global
	GlobalSection(SolutionConfigurationPlatforms) = preSolution
		Debug|Any CPU = Debug|Any CPU
		Release|Any CPU = Release|Any CPU
	EndGlobalSection
	GlobalSection(ProjectConfigurationPlatforms) = postSolution
		{B2DF9840-45D7-420B-93D1-1E859C7556B0}.Debug|Any CPU.ActiveCfg = Debug|Any CPU
		{B2DF9840-45D7-420B-93D1-1E859C7556B0}.Debug|Any CPU.Build.0 = Debug|Any CPU
		{B2DF9840-45D7-420B-93D1-1E859C7556B0}.Release|Any CPU.ActiveCfg = Release|Any CPU
		{B2DF9840-45D7-420B-93D1-1E859C7556B0}.Release|Any CPU.Build.0 = Release|Any CPU
		{F548F9BF-5293-4ADE-B632-1A547C001414}.Debug|Any CPU.ActiveCfg = Debug|Any CPU
		{F548F9BF-5293-4ADE-B632-1A547C001414}.Debug|Any CPU.Build.0 = Debug|Any CPU
		{F548F9BF-5293-4ADE-B632-1A547C001414}.Release|Any CPU.ActiveCfg = Release|Any CPU
		{F548F9BF-5293-4ADE-B632-1A547C001414}.Release|Any CPU.Build.0 = Release|Any CPU
		{67736D3B-A0A5-4B9A-A0D1-ED91A2B86CC4}.Debug|Any CPU.ActiveCfg = Debug|Any CPU
		{67736D3B-A0A5-4B9A-A0D1-ED91A2B86CC4}.Debug|Any CPU.Build.0 = Debug|Any CPU
		{67736D3B-A0A5-4B9A-A0D1-ED91A2B86CC4}.Release|Any CPU.ActiveCfg = Release|Any CPU
		{67736D3B-A0A5-4B9A-A0D1-ED91A2B86CC4}.Release|Any CPU.Build.0 = Release|Any CPU
	EndGlobalSection
	GlobalSection(SolutionProperties) = preSolution
		HideSolutionNode = FALSE
	EndGlobalSection
	GlobalSection(ExtensibilityGlobals) = postSolution
		SolutionGuid = {16BBE96C-EE7C-48B4-9C4F-D20356167AB6}
	EndGlobalSection
EndGlobal
